
Microsoft Visual Studio Solution File, Format Version 12.00
# Visual Studio Version 16
VisualStudioVersion = 16.0.30503.244
MinimumVisualStudioVersion = 10.0.40219.1
Project("{FAE04EC0-301F-11D3-BF4B-00C04F79EFBC}") = "demoapp", "demoapp\demoapp.csproj", "{FE3FD5C1-87DB-44A3-9351-25C95965EEB9}"
EndProject
Global
	GlobalSection(SolutionConfigurationPlatforms) = preSolution
		Debug|Any CPU = Debug|Any CPU
		Release|Any CPU = Release|Any CPU
	EndGlobalSection
	GlobalSection(ProjectConfigurationPlatforms) = postSolution
		{FE3FD5C1-87DB-44A3-9351-25C95965EEB9}.Debug|Any CPU.ActiveCfg = Debug|Any CPU
		{FE3FD5C1-87DB-44A3-9351-25C95965EEB9}.Debug|Any CPU.Build.0 = Debug|Any CPU
		{FE3FD5C1-87DB-44A3-9351-25C95965EEB9}.Release|Any CPU.ActiveCfg = Release|Any CPU
		{FE3FD5C1-87DB-44A3-9351-25C95965EEB9}.Release|Any CPU.Build.0 = Release|Any CPU
	EndGlobalSection
	GlobalSection(SolutionProperties) = preSolution
		HideSolutionNode = FALSE
	EndGlobalSection
	GlobalSection(ExtensibilityGlobals) = postSolution
		SolutionGuid = {99B93928-A536-48C1-BA44-8C93F8232B84}
	EndGlobalSection
EndGlobal
